
Microsoft Visual Studio Solution File, Format Version 12.00
# Visual Studio Version 17
VisualStudioVersion = 17.0.31903.59
MinimumVisualStudioVersion = 10.0.40219.1
Project("{FAE04EC0-301F-11D3-BF4B-00C04F79EFBC}") = "OrderBook-Monitor-API", "OrderBook-Monitor-API\OrderBook-Monitor-API.csproj", "{7E994EF9-80F6-4D9F-883A-69BF24778C15}"
EndProject
Project("{FAE04EC0-301F-11D3-BF4B-00C04F79EFBC}") = "OrderBook-Monitor-API-UnitTests", "OrderBook-Monitor-API-UnitTests\OrderBook-Monitor-API-UnitTests.csproj", "{C8523E78-FC64-41EF-A6AC-2CE9C4CFB8B9}"
EndProject
Global
	GlobalSection(SolutionConfigurationPlatforms) = preSolution
		Debug|Any CPU = Debug|Any CPU
		Release|Any CPU = Release|Any CPU
	EndGlobalSection
	GlobalSection(SolutionProperties) = preSolution
		HideSolutionNode = FALSE
	EndGlobalSection
	GlobalSection(ProjectConfigurationPlatforms) = postSolution
		{7E994EF9-80F6-4D9F-883A-69BF24778C15}.Debug|Any CPU.ActiveCfg = Debug|Any CPU
		{7E994EF9-80F6-4D9F-883A-69BF24778C15}.Debug|Any CPU.Build.0 = Debug|Any CPU
		{7E994EF9-80F6-4D9F-883A-69BF24778C15}.Release|Any CPU.ActiveCfg = Release|Any CPU
		{7E994EF9-80F6-4D9F-883A-69BF24778C15}.Release|Any CPU.Build.0 = Release|Any CPU
		{C8523E78-FC64-41EF-A6AC-2CE9C4CFB8B9}.Debug|Any CPU.ActiveCfg = Debug|Any CPU
		{C8523E78-FC64-41EF-A6AC-2CE9C4CFB8B9}.Debug|Any CPU.Build.0 = Debug|Any CPU
		{C8523E78-FC64-41EF-A6AC-2CE9C4CFB8B9}.Release|Any CPU.ActiveCfg = Release|Any CPU
		{C8523E78-FC64-41EF-A6AC-2CE9C4CFB8B9}.Release|Any CPU.Build.0 = Release|Any CPU
	EndGlobalSection
EndGlobal
